
Microsoft Visual Studio Solution File, Format Version 12.00
# Visual Studio Version 17
VisualStudioVersion = 17.6.33723.286
MinimumVisualStudioVersion = 10.0.40219.1
Project("{FAE04EC0-301F-11D3-BF4B-00C04F79EFBC}") = "Crud.Shared", "Crud.Shared\Crud.Shared.csproj", "{59EB16F9-4D1E-4EEB-A2E5-8EF2B78879B0}"
EndProject
Project("{FAE04EC0-301F-11D3-BF4B-00C04F79EFBC}") = "Crud.Web", "Crud.Web\Crud.Web.csproj", "{F87DE1B9-C401-4CF0-88F5-8AB014CB23BA}"
EndProject
Global
	GlobalSection(SolutionConfigurationPlatforms) = preSolution
		Debug|Any CPU = Debug|Any CPU
		Release|Any CPU = Release|Any CPU
	EndGlobalSection
	GlobalSection(ProjectConfigurationPlatforms) = postSolution
		{59EB16F9-4D1E-4EEB-A2E5-8EF2B78879B0}.Debug|Any CPU.ActiveCfg = Debug|Any CPU
		{59EB16F9-4D1E-4EEB-A2E5-8EF2B78879B0}.Debug|Any CPU.Build.0 = Debug|Any CPU
		{59EB16F9-4D1E-4EEB-A2E5-8EF2B78879B0}.Release|Any CPU.ActiveCfg = Release|Any CPU
		{59EB16F9-4D1E-4EEB-A2E5-8EF2B78879B0}.Release|Any CPU.Build.0 = Release|Any CPU
		{F87DE1B9-C401-4CF0-88F5-8AB014CB23BA}.Debug|Any CPU.ActiveCfg = Debug|Any CPU
		{F87DE1B9-C401-4CF0-88F5-8AB014CB23BA}.Debug|Any CPU.Build.0 = Debug|Any CPU
		{F87DE1B9-C401-4CF0-88F5-8AB014CB23BA}.Release|Any CPU.ActiveCfg = Release|Any CPU
		{F87DE1B9-C401-4CF0-88F5-8AB014CB23BA}.Release|Any CPU.Build.0 = Release|Any CPU
	EndGlobalSection
	GlobalSection(SolutionProperties) = preSolution
		HideSolutionNode = FALSE
	EndGlobalSection
	GlobalSection(ExtensibilityGlobals) = postSolution
		SolutionGuid = {C99197B9-090B-446F-91D6-D69822C775F3}
	EndGlobalSection
EndGlobal
